
Microsoft Visual Studio Solution File, Format Version 12.00
# Visual Studio Version 17
VisualStudioVersion = 17.12.35506.116 d17.12
MinimumVisualStudioVersion = 10.0.40219.1
Project("{FAE04EC0-301F-11D3-BF4B-00C04F79EFBC}") = "Bookstore.GUI_client", "..\Bookstore.GUI_client\Bookstore.GUI_client.csproj", "{509CD322-9D8F-47FD-B899-4F57CC9FF664}"
EndProject
Project("{FAE04EC0-301F-11D3-BF4B-00C04F79EFBC}") = "Bookstore.BL", "..\Bookstore.BL\Bookstore.BL.csproj", "{A7341ABA-0D69-45B7-AA13-37BFBAE50DD6}"
EndProject
Global
	GlobalSection(SolutionConfigurationPlatforms) = preSolution
		Debug|Any CPU = Debug|Any CPU
		Release|Any CPU = Release|Any CPU
	EndGlobalSection
	GlobalSection(ProjectConfigurationPlatforms) = postSolution
		{509CD322-9D8F-47FD-B899-4F57CC9FF664}.Debug|Any CPU.ActiveCfg = Debug|Any CPU
		{509CD322-9D8F-47FD-B899-4F57CC9FF664}.Debug|Any CPU.Build.0 = Debug|Any CPU
		{509CD322-9D8F-47FD-B899-4F57CC9FF664}.Release|Any CPU.ActiveCfg = Release|Any CPU
		{509CD322-9D8F-47FD-B899-4F57CC9FF664}.Release|Any CPU.Build.0 = Release|Any CPU
		{A7341ABA-0D69-45B7-AA13-37BFBAE50DD6}.Debug|Any CPU.ActiveCfg = Debug|Any CPU
		{A7341ABA-0D69-45B7-AA13-37BFBAE50DD6}.Debug|Any CPU.Build.0 = Debug|Any CPU
		{A7341ABA-0D69-45B7-AA13-37BFBAE50DD6}.Release|Any CPU.ActiveCfg = Release|Any CPU
		{A7341ABA-0D69-45B7-AA13-37BFBAE50DD6}.Release|Any CPU.Build.0 = Release|Any CPU
	EndGlobalSection
	GlobalSection(SolutionProperties) = preSolution
		HideSolutionNode = FALSE
	EndGlobalSection
EndGlobal
